
Microsoft Visual Studio Solution File, Format Version 12.00
# Visual Studio Version 17
VisualStudioVersion = 17.9.34728.123
MinimumVisualStudioVersion = 10.0.40219.1
Project("{9A19103F-16F7-4668-BE54-9A1E7A4F7556}") = "AllNature.Server", "AllNature\Server\AllNature.Server.csproj", "{C3C62C8D-7B82-4877-B12C-E3A7F06F3327}"
EndProject
Project("{9A19103F-16F7-4668-BE54-9A1E7A4F7556}") = "AllNature.Client", "AllNature\Client\AllNature.Client.csproj", "{D714A5A4-9EF1-4AF3-833F-08E90703CB2F}"
EndProject
Project("{9A19103F-16F7-4668-BE54-9A1E7A4F7556}") = "AllNature.Shared", "AllNature\Shared\AllNature.Shared.csproj", "{64F9CBE2-73ED-4522-876B-3BDB32710AE6}"
EndProject
Global
	GlobalSection(SolutionConfigurationPlatforms) = preSolution
		Debug|Any CPU = Debug|Any CPU
		Release|Any CPU = Release|Any CPU
	EndGlobalSection
	GlobalSection(ProjectConfigurationPlatforms) = postSolution
		{C3C62C8D-7B82-4877-B12C-E3A7F06F3327}.Debug|Any CPU.ActiveCfg = Debug|Any CPU
		{C3C62C8D-7B82-4877-B12C-E3A7F06F3327}.Debug|Any CPU.Build.0 = Debug|Any CPU
		{C3C62C8D-7B82-4877-B12C-E3A7F06F3327}.Release|Any CPU.ActiveCfg = Release|Any CPU
		{C3C62C8D-7B82-4877-B12C-E3A7F06F3327}.Release|Any CPU.Build.0 = Release|Any CPU
		{D714A5A4-9EF1-4AF3-833F-08E90703CB2F}.Debug|Any CPU.ActiveCfg = Debug|Any CPU
		{D714A5A4-9EF1-4AF3-833F-08E90703CB2F}.Debug|Any CPU.Build.0 = Debug|Any CPU
		{D714A5A4-9EF1-4AF3-833F-08E90703CB2F}.Release|Any CPU.ActiveCfg = Release|Any CPU
		{D714A5A4-9EF1-4AF3-833F-08E90703CB2F}.Release|Any CPU.Build.0 = Release|Any CPU
		{64F9CBE2-73ED-4522-876B-3BDB32710AE6}.Debug|Any CPU.ActiveCfg = Debug|Any CPU
		{64F9CBE2-73ED-4522-876B-3BDB32710AE6}.Debug|Any CPU.Build.0 = Debug|Any CPU
		{64F9CBE2-73ED-4522-876B-3BDB32710AE6}.Release|Any CPU.ActiveCfg = Release|Any CPU
		{64F9CBE2-73ED-4522-876B-3BDB32710AE6}.Release|Any CPU.Build.0 = Release|Any CPU
	EndGlobalSection
	GlobalSection(SolutionProperties) = preSolution
		HideSolutionNode = FALSE
	EndGlobalSection
	GlobalSection(ExtensibilityGlobals) = postSolution
		SolutionGuid = {D18E4CD1-1ABF-4932-8B74-606DBB8F28B5}
	EndGlobalSection
EndGlobal
